<?xml version="1.0" encoding="utf-8"?>
<Project ToolsVersion="4.0" xmlns="http://schemas.microsoft.com/developer/msbuild/2003">
  <ItemGroup>
    <Filter Include="Source Files">
      <UniqueIdentifier>{4FC737F1-C7A5-4376-A066-2A32D752A2FF}</UniqueIdentifier>
      <Extensions>cpp;c;cc;cxx;c++;cppm;ixx;def;odl;idl;hpj;bat;asm;asmx</Extensions>
    </Filter>
    <Filter Include="Header Files">
      <UniqueIdentifier>{93995380-89BD-4b04-88EB-625FBE52EBFB}</UniqueIdentifier>
      <Extensions>h;hh;hpp;hxx;h++;hm;inl;inc;ipp;xsd</Extensions>
    </Filter>
    <Filter Include="Resource Files">
      <UniqueIdentifier>{67DA6AB6-F800-4c08-8B7A-83BB121AAD01}</UniqueIdentifier>
      <Extensions>rc;ico;cur;bmp;dlg;rc2;rct;bin;rgs;gif;jpg;jpeg;jpe;resx;tiff;tif;png;wav;mfcribbon-ms</Extensions>
    </Filter>
  </ItemGroup>
  <ItemGroup>
    <ClCompile Include="Source\main.cpp">
      <Filter>Source Files</Filter>
    </ClCompile>
    <ClCompile Include="Source\Core\Engine.cpp">
      <Filter>Source Files</Filter>
    </ClCompile>
    <ClCompile Include="Source\Core\AppWindow.cpp">
      <Filter>Source Files</Filter>
    </ClCompile>
    <ClCompile Include="Source\Graphics\DirectX11\DX11VertexBuffer.cpp">
      <Filter>Source Files</Filter>
    </ClCompile>
    <ClCompile Include="Source\Graphics\DirectX11\DX11IndexBuffer.cpp">
      <Filter>Source Files</Filter>
    </ClCompile>
    <ClCompile Include="Source\Graphics\DirectX11\DX11Geometry.cpp">
      <Filter>Source Files</Filter>
    </ClCompile>
    <ClCompile Include="Source\Graphics\DirectX11\DX11Graphics.cpp">
      <Filter>Source Files</Filter>
    </ClCompile>
    <ClCompile Include="Source\Graphics\DirectX11\DX11Shader.cpp">
      <Filter>Source Files</Filter>
    </ClCompile>
    <ClCompile Include="Source\Core\EntManager.cpp">
      <Filter>Source Files</Filter>
    </ClCompile>
    <ClCompile Include="Source\Classes\Engine\Core\Ent.cpp">
      <Filter>Source Files</Filter>
    </ClCompile>
  </ItemGroup>
  <ItemGroup>
    <ResourceCompile Include="KKAMEngine.rc">
      <Filter>Resource Files</Filter>
    </ResourceCompile>
  </ItemGroup>
  <ItemGroup>
    <ClInclude Include="Include\Core\Engine.h">
      <Filter>Header Files</Filter>
    </ClInclude>
    <ClInclude Include="Include\Core\AppWindow.h">
      <Filter>Header Files</Filter>
    </ClInclude>
    <ClInclude Include="Include\Graphics\IGraphics.h">
      <Filter>Header Files</Filter>
    </ClInclude>
    <ClInclude Include="Include\Graphics\IGeometry.h">
      <Filter>Header Files</Filter>
    </ClInclude>
    <ClInclude Include="Include\Graphics\IVertexBuffer.h">
      <Filter>Header Files</Filter>
    </ClInclude>
    <ClInclude Include="Include\Graphics\IIndexBuffer.h">
      <Filter>Header Files</Filter>
    </ClInclude>
    <ClInclude Include="Include\Graphics\DirectX11\DX11VertexBuffer.h">
      <Filter>Header Files</Filter>
    </ClInclude>
    <ClInclude Include="Include\Common\Common.h">
      <Filter>Header Files</Filter>
    </ClInclude>
    <ClInclude Include="Include\Graphics\DirectX11\DX11IndexBuffer.h">
      <Filter>Header Files</Filter>
    </ClInclude>
    <ClInclude Include="Include\Graphics\DirectX11\DX11Geometry.h">
      <Filter>Header Files</Filter>
    </ClInclude>
    <ClInclude Include="Include\Graphics\DirectX11\DX11Graphics.h">
      <Filter>Header Files</Filter>
    </ClInclude>
    <ClInclude Include="Include\Graphics\IShader.h">
      <Filter>Header Files</Filter>
    </ClInclude>
    <ClInclude Include="Include\Graphics\DirectX11\DX11Shader.h">
      <Filter>Header Files</Filter>
    </ClInclude>
    <ClInclude Include="resource.h">
      <Filter>Header Files</Filter>
    </ClInclude>
    <ClInclude Include="Include\Graphics\ShaderBlob.h">
      <Filter>Header Files</Filter>
    </ClInclude>
    <ClInclude Include="Include\Classes\Engine\Core\Ent.h">
      <Filter>Header Files</Filter>
    </ClInclude>
    <ClInclude Include="Include\Classes\Engine\Core\EntObj.h">
      <Filter>Header Files</Filter>
    </ClInclude>
    <ClInclude Include="Include\Classes\Engine\Core\Mod.h">
      <Filter>Header Files</Filter>
    </ClInclude>
    <ClInclude Include="Include\Core\EntManager.h">
      <Filter>Header Files</Filter>
    </ClInclude>
    <ClInclude Include="Include\Classes\Engine\Scene.h">
      <Filter>Header Files</Filter>
    </ClInclude>
  </ItemGroup>
  <ItemGroup>
    <Text Include="Docs\lgpl-3.0.txt" />
  </ItemGroup>
  <ItemGroup>
    <None Include="cpp.hint" />
    <None Include="vcpkg.json" />
    <None Include="Tools\move_shaders.bat">
      <Filter>Source Files</Filter>
    </None>
  </ItemGroup>
  <ItemGroup>
    <FxCompile Include="Content\Shaders\Default\Basic.hlsl" />
    <FxCompile Include="Content\Shaders\Default\BasicPixel.hlsl" />
    <FxCompile Include="Content\Shaders\Custom\VertexShader.hlsl" />
  </ItemGroup>
  <ItemGroup>
    <Image Include="KKAMEngine.ico">
      <Filter>Resource Files</Filter>
    </Image>
    <Image Include="small.ico">
      <Filter>Resource Files</Filter>
    </Image>
  </ItemGroup>
</Project>